
Microsoft Visual Studio Solution File, Format Version 12.00
# Visual Studio 2012
Project("{FAE04EC0-301F-11D3-BF4B-00C04F79EFBC}") = "MonoTouch.TTTAttributedLabel", "MonoTouch.TTTAttributedLabel.csproj", "{FFB63E19-E779-4A16-A58C-51A27C7A1944}"
EndProject
Global
	GlobalSection(SolutionConfigurationPlatforms) = preSolution
		Debug|Any CPU = Debug|Any CPU
		Release|Any CPU = Release|Any CPU
	EndGlobalSection
	GlobalSection(ProjectConfigurationPlatforms) = postSolution
		{FFB63E19-E779-4A16-A58C-51A27C7A1944}.Debug|Any CPU.ActiveCfg = Debug|Any CPU
		{FFB63E19-E779-4A16-A58C-51A27C7A1944}.Debug|Any CPU.Build.0 = Debug|Any CPU
		{FFB63E19-E779-4A16-A58C-51A27C7A1944}.Release|Any CPU.ActiveCfg = Release|Any CPU
		{FFB63E19-E779-4A16-A58C-51A27C7A1944}.Release|Any CPU.Build.0 = Release|Any CPU
	EndGlobalSection
EndGlobal
